
Microsoft Visual Studio Solution File, Format Version 12.00
# Visual Studio 15
VisualStudioVersion = 15.0.26403.0
MinimumVisualStudioVersion = 10.0.40219.1
Project("{FAE04EC0-301F-11D3-BF4B-00C04F79EFBC}") = "DogBirthday", "DogBirthday\DogBirthday.csproj", "{C9264B96-015B-490E-8CE3-111541D38410}"
EndProject
Project("{FAE04EC0-301F-11D3-BF4B-00C04F79EFBC}") = "DogBirthday.Tests", "DogBirthday.Tests\DogBirthday.Tests.csproj", "{6A0F96B4-5FAA-4552-ACEA-5E4E15AEB6CE}"
EndProject
Global
	GlobalSection(SolutionConfigurationPlatforms) = preSolution
		Debug|Any CPU = Debug|Any CPU
		Release|Any CPU = Release|Any CPU
	EndGlobalSection
	GlobalSection(ProjectConfigurationPlatforms) = postSolution
		{C9264B96-015B-490E-8CE3-111541D38410}.Debug|Any CPU.ActiveCfg = Debug|Any CPU
		{C9264B96-015B-490E-8CE3-111541D38410}.Debug|Any CPU.Build.0 = Debug|Any CPU
		{C9264B96-015B-490E-8CE3-111541D38410}.Release|Any CPU.ActiveCfg = Release|Any CPU
		{C9264B96-015B-490E-8CE3-111541D38410}.Release|Any CPU.Build.0 = Release|Any CPU
		{6A0F96B4-5FAA-4552-ACEA-5E4E15AEB6CE}.Debug|Any CPU.ActiveCfg = Debug|Any CPU
		{6A0F96B4-5FAA-4552-ACEA-5E4E15AEB6CE}.Debug|Any CPU.Build.0 = Debug|Any CPU
		{6A0F96B4-5FAA-4552-ACEA-5E4E15AEB6CE}.Release|Any CPU.ActiveCfg = Release|Any CPU
		{6A0F96B4-5FAA-4552-ACEA-5E4E15AEB6CE}.Release|Any CPU.Build.0 = Release|Any CPU
	EndGlobalSection
	GlobalSection(SolutionProperties) = preSolution
		HideSolutionNode = FALSE
	EndGlobalSection
EndGlobal
